lockfileVersion: '9.0'

settings:
  autoInstallPeers: true
  excludeLinksFromLockfile: false

importers:

  .:
    dependencies:
      '@growthbook/growthbook':
        specifier: ^1.6.5
        version: 1.6.5

packages:

  '@growthbook/growthbook@1.6.5':
    resolution: {integrity: sha512-mUaMsgeUTpRIUOTn33EUXHRK6j7pxBjwqH4WpQyq+pukjd1AIzWlEa6w7i6bInJUcweGgP2beXZmaP6b6UPn7A==}
    engines: {node: '>=10'}

  dom-mutator@0.6.0:
    resolution: {integrity: sha512-iCt9o0aYfXMUkz/43ZOAUFQYotjGB+GNbYJiJdz4TgXkyToXbbRy5S6FbTp72lRBtfpUMwEc1KmpFEU4CZeoNg==}
    engines: {node: '>=10'}

snapshots:

  '@growthbook/growthbook@1.6.5':
    dependencies:
      dom-mutator: 0.6.0

  dom-mutator@0.6.0: {}
